
Microsoft Visual Studio Solution File, Format Version 12.00
# Visual Studio Version 17
VisualStudioVersion = 17.4.33213.308
MinimumVisualStudioVersion = 10.0.40219.1
Project("{888888A0-9F3D-457C-B088-3A5042F75D52}") = "PythonRestoration", "PythonRestoration.pyproj", "{9B9BE115-08E8-432B-AE4B-51EFB4E45834}"
EndProject
Global
	GlobalSection(SolutionConfigurationPlatforms) = preSolution
		Debug|Any CPU = Debug|Any CPU
		Release|Any CPU = Release|Any CPU
	EndGlobalSection
	GlobalSection(ProjectConfigurationPlatforms) = postSolution
		{9B9BE115-08E8-432B-AE4B-51EFB4E45834}.Debug|Any CPU.ActiveCfg = Debug|Any CPU
		{9B9BE115-08E8-432B-AE4B-51EFB4E45834}.Release|Any CPU.ActiveCfg = Release|Any CPU
	EndGlobalSection
	GlobalSection(SolutionProperties) = preSolution
		HideSolutionNode = FALSE
	EndGlobalSection
	GlobalSection(ExtensibilityGlobals) = postSolution
		SolutionGuid = {24F301A2-1708-4B55-A879-69D502B59F5D}
	EndGlobalSection
EndGlobal
